
Microsoft Visual Studio Solution File, Format Version 12.00
# Visual Studio 15
VisualStudioVersion = 15.0.27703.2035
MinimumVisualStudioVersion = 10.0.40219.1
Project("{FAE04EC0-301F-11D3-BF4B-00C04F79EFBC}") = "Sc2GamesLogger", "Sc2GamesLogger\Sc2GamesLogger.csproj", "{95086987-BC0A-43B9-A7F6-7398885C8554}"
EndProject
Project("{FAE04EC0-301F-11D3-BF4B-00C04F79EFBC}") = "Sc2GamesLogger.Core", "Sc2GamesLogger.Core\Sc2GamesLogger.Core.csproj", "{4B9E121C-421C-4FD3-A044-273DF2A02BB8}"
EndProject
Global
	GlobalSection(SolutionConfigurationPlatforms) = preSolution
		Debug|Any CPU = Debug|Any CPU
		Release|Any CPU = Release|Any CPU
	EndGlobalSection
	GlobalSection(ProjectConfigurationPlatforms) = postSolution
		{95086987-BC0A-43B9-A7F6-7398885C8554}.Debug|Any CPU.ActiveCfg = Debug|Any CPU
		{95086987-BC0A-43B9-A7F6-7398885C8554}.Debug|Any CPU.Build.0 = Debug|Any CPU
		{95086987-BC0A-43B9-A7F6-7398885C8554}.Release|Any CPU.ActiveCfg = Release|Any CPU
		{95086987-BC0A-43B9-A7F6-7398885C8554}.Release|Any CPU.Build.0 = Release|Any CPU
		{4B9E121C-421C-4FD3-A044-273DF2A02BB8}.Debug|Any CPU.ActiveCfg = Debug|Any CPU
		{4B9E121C-421C-4FD3-A044-273DF2A02BB8}.Debug|Any CPU.Build.0 = Debug|Any CPU
		{4B9E121C-421C-4FD3-A044-273DF2A02BB8}.Release|Any CPU.ActiveCfg = Release|Any CPU
		{4B9E121C-421C-4FD3-A044-273DF2A02BB8}.Release|Any CPU.Build.0 = Release|Any CPU
	EndGlobalSection
	GlobalSection(SolutionProperties) = preSolution
		HideSolutionNode = FALSE
	EndGlobalSection
	GlobalSection(ExtensibilityGlobals) = postSolution
		SolutionGuid = {BA91A10E-6FF0-42B0-B032-9F1F7B49AB52}
	EndGlobalSection
EndGlobal
